{
  "name": "@web-hig/cli",
  "version": "1.12.1",
  "lockfileVersion": 3,
  "requires": true,
  "packages": {
    "": {
      "name": "@web-hig/cli",
      "version": "1.12.1",
      "license": "MIT",
      "dependencies": {
        "@web-hig/core": "file:../core"
      },
      "bin": {
        "web-hig": "bin/cli.mjs"
      }
    },
    "../core": {
      "name": "@web-hig/core",
      "version": "1.12.1",
      "license": "MIT"
    },
    "node_modules/@web-hig/core": {
      "resolved": "../core",
      "link": true
    }
  }
}
